
Microsoft Visual Studio Solution File, Format Version 12.00
# Visual Studio Version 16
VisualStudioVersion = 16.0.29613.14
MinimumVisualStudioVersion = 10.0.40219.1
Project("{9A19103F-16F7-4668-BE54-9A1E7A4F7556}") = "Infrastructure", "Infrastructure\Infrastructure.csproj", "{76EFF5F5-D695-4E22-99F2-007686E567E9}"
EndProject
Project("{9A19103F-16F7-4668-BE54-9A1E7A4F7556}") = "ApplicationCore", "ApplicationCore\ApplicationCore.csproj", "{A09B73AA-9FC4-4B01-9E5A-7688A8BEAB9F}"
EndProject
Project("{FAE04EC0-301F-11D3-BF4B-00C04F79EFBC}") = "API", "API\API.csproj", "{1D5820DA-258A-4D58-B28D-74CC4021456C}"
EndProject
Global
	GlobalSection(SolutionConfigurationPlatforms) = preSolution
		Debug|Any CPU = Debug|Any CPU
		Release|Any CPU = Release|Any CPU
	EndGlobalSection
	GlobalSection(ProjectConfigurationPlatforms) = postSolution
		{76EFF5F5-D695-4E22-99F2-007686E567E9}.Debug|Any CPU.ActiveCfg = Debug|Any CPU
		{76EFF5F5-D695-4E22-99F2-007686E567E9}.Debug|Any CPU.Build.0 = Debug|Any CPU
		{76EFF5F5-D695-4E22-99F2-007686E567E9}.Release|Any CPU.ActiveCfg = Release|Any CPU
		{76EFF5F5-D695-4E22-99F2-007686E567E9}.Release|Any CPU.Build.0 = Release|Any CPU
		{A09B73AA-9FC4-4B01-9E5A-7688A8BEAB9F}.Debug|Any CPU.ActiveCfg = Debug|Any CPU
		{A09B73AA-9FC4-4B01-9E5A-7688A8BEAB9F}.Debug|Any CPU.Build.0 = Debug|Any CPU
		{A09B73AA-9FC4-4B01-9E5A-7688A8BEAB9F}.Release|Any CPU.ActiveCfg = Release|Any CPU
		{A09B73AA-9FC4-4B01-9E5A-7688A8BEAB9F}.Release|Any CPU.Build.0 = Release|Any CPU
		{1D5820DA-258A-4D58-B28D-74CC4021456C}.Debug|Any CPU.ActiveCfg = Debug|Any CPU
		{1D5820DA-258A-4D58-B28D-74CC4021456C}.Debug|Any CPU.Build.0 = Debug|Any CPU
		{1D5820DA-258A-4D58-B28D-74CC4021456C}.Release|Any CPU.ActiveCfg = Release|Any CPU
		{1D5820DA-258A-4D58-B28D-74CC4021456C}.Release|Any CPU.Build.0 = Release|Any CPU
	EndGlobalSection
	GlobalSection(SolutionProperties) = preSolution
		HideSolutionNode = FALSE
	EndGlobalSection
	GlobalSection(ExtensibilityGlobals) = postSolution
		SolutionGuid = {0F647697-F1CA-42F3-8DA5-9FEB5CE62D70}
	EndGlobalSection
EndGlobal
